
Microsoft Visual Studio Solution File, Format Version 12.00
# Visual Studio Version 17
VisualStudioVersion = 17.0.31912.275
MinimumVisualStudioVersion = 10.0.40219.1
Project("{FAE04EC0-301F-11D3-BF4B-00C04F79EFBC}") = "KickLib", "KickLib.csproj", "{FA807ADD-FE90-40F9-A5BD-C36968167741}"
EndProject
Project("{FAE04EC0-301F-11D3-BF4B-00C04F79EFBC}") = "KickLib.Cli", "..\KickLib.Cli\KickLib.Cli.csproj", "{91107FFF-AA1D-45D9-9C63-08C82018C251}"
EndProject
Global
	GlobalSection(SolutionConfigurationPlatforms) = preSolution
		Debug|Any CPU = Debug|Any CPU
		Release|Any CPU = Release|Any CPU
	EndGlobalSection
	GlobalSection(ProjectConfigurationPlatforms) = postSolution
		{FA807ADD-FE90-40F9-A5BD-C36968167741}.Debug|Any CPU.ActiveCfg = Debug|Any CPU
		{FA807ADD-FE90-40F9-A5BD-C36968167741}.Debug|Any CPU.Build.0 = Debug|Any CPU
		{FA807ADD-FE90-40F9-A5BD-C36968167741}.Release|Any CPU.ActiveCfg = Release|Any CPU
		{FA807ADD-FE90-40F9-A5BD-C36968167741}.Release|Any CPU.Build.0 = Release|Any CPU
		{91107FFF-AA1D-45D9-9C63-08C82018C251}.Debug|Any CPU.ActiveCfg = Debug|Any CPU
		{91107FFF-AA1D-45D9-9C63-08C82018C251}.Debug|Any CPU.Build.0 = Debug|Any CPU
		{91107FFF-AA1D-45D9-9C63-08C82018C251}.Release|Any CPU.ActiveCfg = Release|Any CPU
		{91107FFF-AA1D-45D9-9C63-08C82018C251}.Release|Any CPU.Build.0 = Release|Any CPU
	EndGlobalSection
	GlobalSection(SolutionProperties) = preSolution
		HideSolutionNode = FALSE
	EndGlobalSection
	GlobalSection(ExtensibilityGlobals) = postSolution
		SolutionGuid = {7DA541DF-8673-496A-B505-03941BC5BE65}
	EndGlobalSection
EndGlobal
